// !$*UTF8*$!
{
	archiveVersion = 1;
	classes = {
	};
	objectVersion = 55;
	objects = {

/* Begin PBXBuildFile section */
		6103F0F528BD66A50057A9AD /* EditUserView.swift in Sources */ = {isa = PBXBuildFile; fileRef = 6103F0F428BD66A50057A9AD /* EditUserView.swift */; };
		6103F0F728BD8B8A0057A9AD /* TagsView.swift in Sources */ = {isa = PBXBuildFile; fileRef = 6103F0F628BD8B8A0057A9AD /* TagsView.swift */; };
		6103F10028BE8EB20057A9AD /* TagsEditor.swift in Sources */ = {isa = PBXBuildFile; fileRef = 6103F0FF28BE8EB20057A9AD /* TagsEditor.swift */; };
		610AD65628E49FC500089526 /* ListUsersView.swift in Sources */ = {isa = PBXBuildFile; fileRef = 610AD65528E49FC500089526 /* ListUsersView.swift */; };
		6116433E28DE5D7000311F5F /* ServiceFactory.swift in Sources */ = {isa = PBXBuildFile; fileRef = 6116433D28DE5D7000311F5F /* ServiceFactory.swift */; };
		6131700B27D420BA00834C08 /* UserData.swift in Sources */ = {isa = PBXBuildFile; fileRef = 6131700A27D420BA00834C08 /* UserData.swift */; };
		6131700D27D5740B00834C08 /* ItemTypeImage.swift in Sources */ = {isa = PBXBuildFile; fileRef = 6131700C27D5740B00834C08 /* ItemTypeImage.swift */; };
		6131700F27D5790200834C08 /* ItemStatusImage.swift in Sources */ = {isa = PBXBuildFile; fileRef = 6131700E27D5790200834C08 /* ItemStatusImage.swift */; };
		614833F027C334AA00076898 /* youseenthisApp.swift in Sources */ = {isa = PBXBuildFile; fileRef = 614833EF27C334AA00076898 /* youseenthisApp.swift */; };
		614833F427C334AC00076898 /* Assets.xcassets in Resources */ = {isa = PBXBuildFile; fileRef = 614833F327C334AC00076898 /* Assets.xcassets */; };
		614833F727C334AC00076898 /* Preview Assets.xcassets in Resources */ = {isa = PBXBuildFile; fileRef = 614833F627C334AC00076898 /* Preview Assets.xcassets */; };
		614833FE27C3491500076898 /* Item.swift in Sources */ = {isa = PBXBuildFile; fileRef = 614833FD27C3491500076898 /* Item.swift */; };
		6148340027C34CFC00076898 /* User.swift in Sources */ = {isa = PBXBuildFile; fileRef = 614833FF27C34CFC00076898 /* User.swift */; };
		6148340227C350F900076898 /* ExampleData.swift in Sources */ = {isa = PBXBuildFile; fileRef = 6148340127C350F900076898 /* ExampleData.swift */; };
		6148340427C3594A00076898 /* ItemRow.swift in Sources */ = {isa = PBXBuildFile; fileRef = 6148340327C3594A00076898 /* ItemRow.swift */; };
		6148340627C36A9500076898 /* ListItemsView.swift in Sources */ = {isa = PBXBuildFile; fileRef = 6148340527C36A9500076898 /* ListItemsView.swift */; };
		6148AAED281E2C99008A3E2F /* ViewUserView.swift in Sources */ = {isa = PBXBuildFile; fileRef = 6148AAEC281E2C99008A3E2F /* ViewUserView.swift */; };
		614A8E0D27E40BA600D634CA /* FilterItemType.swift in Sources */ = {isa = PBXBuildFile; fileRef = 614A8E0C27E40BA600D634CA /* FilterItemType.swift */; };
		614A8E0F27E4104000D634CA /* FilterItemTypeImage.swift in Sources */ = {isa = PBXBuildFile; fileRef = 614A8E0E27E4104000D634CA /* FilterItemTypeImage.swift */; };
		614A8E1527E4137900D634CA /* FilterItemTypePicker.swift in Sources */ = {isa = PBXBuildFile; fileRef = 614A8E1427E4137900D634CA /* FilterItemTypePicker.swift */; };
		614DC22128B442E100B995CE /* LabTesting.swift in Sources */ = {isa = PBXBuildFile; fileRef = 614DC22028B442E100B995CE /* LabTesting.swift */; };
		6153633727E67A9C0012B136 /* ItemArraySortAndFilter.swift in Sources */ = {isa = PBXBuildFile; fileRef = 6153633627E67A9C0012B136 /* ItemArraySortAndFilter.swift */; };
		6153633927E69AA80012B136 /* FilterItemStatus.swift in Sources */ = {isa = PBXBuildFile; fileRef = 6153633827E69AA80012B136 /* FilterItemStatus.swift */; };
		6153633B27E6A0270012B136 /* FilterItemStatusImage.swift in Sources */ = {isa = PBXBuildFile; fileRef = 6153633A27E6A0270012B136 /* FilterItemStatusImage.swift */; };
		6153633D27E6A1880012B136 /* FilterItemStatusPicker.swift in Sources */ = {isa = PBXBuildFile; fileRef = 6153633C27E6A1880012B136 /* FilterItemStatusPicker.swift */; };
		616C18C528BF0D7E007DE1E9 /* WrappingStack in Frameworks */ = {isa = PBXBuildFile; productRef = 616C18C428BF0D7E007DE1E9 /* WrappingStack */; };
		616EFAFB28A70796007CA794 /* LogUtility.swift in Sources */ = {isa = PBXBuildFile; fileRef = 616EFAFA28A70796007CA794 /* LogUtility.swift */; };
		616EFAFD28A7086E007CA794 /* ImportUtility.swift in Sources */ = {isa = PBXBuildFile; fileRef = 616EFAFC28A7086E007CA794 /* ImportUtility.swift */; };
		616EFAFF28A7087D007CA794 /* ExportUtility.swift in Sources */ = {isa = PBXBuildFile; fileRef = 616EFAFE28A7087D007CA794 /* ExportUtility.swift */; };
		6174DCB528E669AD0068F06A /* AddFollowViewModel.swift in Sources */ = {isa = PBXBuildFile; fileRef = 6174DCB428E669AD0068F06A /* AddFollowViewModel.swift */; };
		617AC7252814C64C0055858E /* OverlaySheet.swift in Sources */ = {isa = PBXBuildFile; fileRef = 617AC7242814C64C0055858E /* OverlaySheet.swift */; };
		617AC7272815D0080055858E /* LabTestingUI.swift in Sources */ = {isa = PBXBuildFile; fileRef = 617AC7262815D0080055858E /* LabTestingUI.swift */; };
		617AE75928DB84200051498A /* ViewUserViewModel.swift in Sources */ = {isa = PBXBuildFile; fileRef = 617AE75828DB84200051498A /* ViewUserViewModel.swift */; };
		617AE75B28DB84340051498A /* EditUserViewModel.swift in Sources */ = {isa = PBXBuildFile; fileRef = 617AE75A28DB84340051498A /* EditUserViewModel.swift */; };
		617AE75E28DBD6F20051498A /* AddFollowView.swift in Sources */ = {isa = PBXBuildFile; fileRef = 617AE75D28DBD6F20051498A /* AddFollowView.swift */; };
		61843E7D28BFE50000C71B5A /* TagsSelector.swift in Sources */ = {isa = PBXBuildFile; fileRef = 61843E7C28BFE50000C71B5A /* TagsSelector.swift */; };
		61843E7F28BFF2E900C71B5A /* String+Cleaner.swift in Sources */ = {isa = PBXBuildFile; fileRef = 61843E7E28BFF2E900C71B5A /* String+Cleaner.swift */; };
		61843E8128C01B0C00C71B5A /* ItemTagsField.swift in Sources */ = {isa = PBXBuildFile; fileRef = 61843E8028C01B0C00C71B5A /* ItemTagsField.swift */; };
		61843E8528C0279C00C71B5A /* FilterAndSortSheet.swift in Sources */ = {isa = PBXBuildFile; fileRef = 61843E8428C0279C00C71B5A /* FilterAndSortSheet.swift */; };
		618FCAF528E4BB4500EED333 /* LoginView.swift in Sources */ = {isa = PBXBuildFile; fileRef = 618FCAF428E4BB4500EED333 /* LoginView.swift */; };
		618FCAF928E4BC3500EED333 /* LoginViewModel.swift in Sources */ = {isa = PBXBuildFile; fileRef = 618FCAF828E4BC3500EED333 /* LoginViewModel.swift */; };
		618FCAFB28E4D33B00EED333 /* RootView.swift in Sources */ = {isa = PBXBuildFile; fileRef = 618FCAFA28E4D33B00EED333 /* RootView.swift */; };
		618FCAFD28E4D35B00EED333 /* RootViewModel.swift in Sources */ = {isa = PBXBuildFile; fileRef = 618FCAFC28E4D35B00EED333 /* RootViewModel.swift */; };
		6190595528D529C300E14F9B /* ItemRatingImage.swift in Sources */ = {isa = PBXBuildFile; fileRef = 6190595428D529C300E14F9B /* ItemRatingImage.swift */; };
		6199F69B28D7DC6D00C663D7 /* CreateItemViewModel.swift in Sources */ = {isa = PBXBuildFile; fileRef = 6199F69A28D7DC6D00C663D7 /* CreateItemViewModel.swift */; };
		6199F69D28D7DC9200C663D7 /* EditItemViewModel.swift in Sources */ = {isa = PBXBuildFile; fileRef = 6199F69C28D7DC9200C663D7 /* EditItemViewModel.swift */; };
		6199F69F28D7DCB100C663D7 /* ViewItemViewModel.swift in Sources */ = {isa = PBXBuildFile; fileRef = 6199F69E28D7DCB100C663D7 /* ViewItemViewModel.swift */; };
		6199F6A128D7DD5C00C663D7 /* ListItemsViewModel.swift in Sources */ = {isa = PBXBuildFile; fileRef = 6199F6A028D7DD5C00C663D7 /* ListItemsViewModel.swift */; };
		619B989C28B9916000D8BBC1 /* ItemNotesField.swift in Sources */ = {isa = PBXBuildFile; fileRef = 619B989B28B9916000D8BBC1 /* ItemNotesField.swift */; };
		619B989E28B99F0300D8BBC1 /* ItemRatingField.swift in Sources */ = {isa = PBXBuildFile; fileRef = 619B989D28B99F0300D8BBC1 /* ItemRatingField.swift */; };
		619B98A128B9A17700D8BBC1 /* ItemStatusField.swift in Sources */ = {isa = PBXBuildFile; fileRef = 619B98A028B9A17700D8BBC1 /* ItemStatusField.swift */; };
		619B98A328B9A39C00D8BBC1 /* ItemTypeField.swift in Sources */ = {isa = PBXBuildFile; fileRef = 619B98A228B9A39C00D8BBC1 /* ItemTypeField.swift */; };
		619B98A528B9A45100D8BBC1 /* ItemTitleField.swift in Sources */ = {isa = PBXBuildFile; fileRef = 619B98A428B9A45100D8BBC1 /* ItemTitleField.swift */; };
		619B98A728B9A6C600D8BBC1 /* UserAboutMeField.swift in Sources */ = {isa = PBXBuildFile; fileRef = 619B98A628B9A6C600D8BBC1 /* UserAboutMeField.swift */; };
		619CA38D28E39F6400B19AF0 /* CreateUserView.swift in Sources */ = {isa = PBXBuildFile; fileRef = 619CA38C28E39F6400B19AF0 /* CreateUserView.swift */; };
		619CA38F28E3A01900B19AF0 /* CreateUserViewModel.swift in Sources */ = {isa = PBXBuildFile; fileRef = 619CA38E28E3A01900B19AF0 /* CreateUserViewModel.swift */; };
		619CA39128E3A22C00B19AF0 /* FollowView.swift in Sources */ = {isa = PBXBuildFile; fileRef = 619CA39028E3A22C00B19AF0 /* FollowView.swift */; };
		619CA39328E3A24F00B19AF0 /* FollowViewModel.swift in Sources */ = {isa = PBXBuildFile; fileRef = 619CA39228E3A24F00B19AF0 /* FollowViewModel.swift */; };
		619D3ACB28A9945700F46946 /* EmptyItemList.swift in Sources */ = {isa = PBXBuildFile; fileRef = 619D3ACA28A9945700F46946 /* EmptyItemList.swift */; };
		619D3ACD28A9951600F46946 /* EmptyPeopleList.swift in Sources */ = {isa = PBXBuildFile; fileRef = 619D3ACC28A9951600F46946 /* EmptyPeopleList.swift */; };
		61A30FB927DE860300155417 /* ItemType.swift in Sources */ = {isa = PBXBuildFile; fileRef = 61A30FB827DE860300155417 /* ItemType.swift */; };
		61A30FBD27DEC2E000155417 /* ItemStatus.swift in Sources */ = {isa = PBXBuildFile; fileRef = 61A30FBC27DEC2E000155417 /* ItemStatus.swift */; };
		61AA630028D8EA78007A053A /* CreateItemView.swift in Sources */ = {isa = PBXBuildFile; fileRef = 61AA62FF28D8EA78007A053A /* CreateItemView.swift */; };
		61AA630228D935E8007A053A /* HomeScreenViewModel.swift in Sources */ = {isa = PBXBuildFile; fileRef = 61AA630128D935E8007A053A /* HomeScreenViewModel.swift */; };
		61ADCDC228B5B4B800849320 /* ShareSheet.swift in Sources */ = {isa = PBXBuildFile; fileRef = 61ADCDC128B5B4B800849320 /* ShareSheet.swift */; };
		61B7700328289C3700AF4EAF /* EmailExporter.swift in Sources */ = {isa = PBXBuildFile; fileRef = 61B7700228289C3700AF4EAF /* EmailExporter.swift */; };
		61B7700728289FF400AF4EAF /* EmailButton.swift in Sources */ = {isa = PBXBuildFile; fileRef = 61B7700628289FF400AF4EAF /* EmailButton.swift */; };
		61C3FF7A28B8207800EBB318 /* ItemSortType.swift in Sources */ = {isa = PBXBuildFile; fileRef = 61C3FF7928B8207800EBB318 /* ItemSortType.swift */; };
		61C3FF7D28B8253500EBB318 /* ItemSortTypePicker.swift in Sources */ = {isa = PBXBuildFile; fileRef = 61C3FF7C28B8253500EBB318 /* ItemSortTypePicker.swift */; };
		61CF977927C41F32008E179A /* ViewItemView.swift in Sources */ = {isa = PBXBuildFile; fileRef = 61CF977827C41F32008E179A /* ViewItemView.swift */; };
		61CF977E27C449A6008E179A /* StorageManager.swift in Sources */ = {isa = PBXBuildFile; fileRef = 61CF977D27C449A6008E179A /* StorageManager.swift */; };
		61CF978127C449C8008E179A /* NetworkManager.swift in Sources */ = {isa = PBXBuildFile; fileRef = 61CF978027C449C8008E179A /* NetworkManager.swift */; };
		61CF978327C44A3A008E179A /* HomeScreenView.swift in Sources */ = {isa = PBXBuildFile; fileRef = 61CF978227C44A3A008E179A /* HomeScreenView.swift */; };
		61DCA78628DFF48200AA7EA3 /* Follow.swift in Sources */ = {isa = PBXBuildFile; fileRef = 61DCA78528DFF48200AA7EA3 /* Follow.swift */; };
		61E9783427D416300014398D /* AppDelegate.swift in Sources */ = {isa = PBXBuildFile; fileRef = 61E9783327D416300014398D /* AppDelegate.swift */; };
		61EB806228B702110068B7DE /* ItemRating.swift in Sources */ = {isa = PBXBuildFile; fileRef = 61EB806128B702110068B7DE /* ItemRating.swift */; };
		61EB806428B704000068B7DE /* ItemRatingPicker.swift in Sources */ = {isa = PBXBuildFile; fileRef = 61EB806328B704000068B7DE /* ItemRatingPicker.swift */; };
		61F5D7FE28E60E9A007A8C3C /* MockServices.swift in Sources */ = {isa = PBXBuildFile; fileRef = 61F5D7FD28E60E9A007A8C3C /* MockServices.swift */; };
		61F9DCDD28DA6B7C00DDEECC /* EditItemView.swift in Sources */ = {isa = PBXBuildFile; fileRef = 61F9DCDC28DA6B7C00DDEECC /* EditItemView.swift */; };
		61F9E07B27DD39F10058D70A /* Constants.swift in Sources */ = {isa = PBXBuildFile; fileRef = 61F9E07A27DD39F10058D70A /* Constants.swift */; };
		61F9E07F27DD5FD40058D70A /* ItemTypePicker.swift in Sources */ = {isa = PBXBuildFile; fileRef = 61F9E07E27DD5FD40058D70A /* ItemTypePicker.swift */; };
		61F9E08127DD5FEE0058D70A /* ItemStatusPicker.swift in Sources */ = {isa = PBXBuildFile; fileRef = 61F9E08027DD5FEE0058D70A /* ItemStatusPicker.swift */; };
		61FDDC0D28AC1C1800402906 /* Semver.swift in Sources */ = {isa = PBXBuildFile; fileRef = 61FDDC0C28AC1C1800402906 /* Semver.swift */; };
/* End PBXBuildFile section */

/* Begin PBXFileReference section */
		6103F0F428BD66A50057A9AD /* EditUserView.swift */ = {isa = PBXFileReference; lastKnownFileType = sourcecode.swift; path = EditUserView.swift; sourceTree = "<group>"; };
		6103F0F628BD8B8A0057A9AD /* TagsView.swift */ = {isa = PBXFileReference; lastKnownFileType = sourcecode.swift; path = TagsView.swift; sourceTree = "<group>"; };
		6103F0FF28BE8EB20057A9AD /* TagsEditor.swift */ = {isa = PBXFileReference; lastKnownFileType = sourcecode.swift; path = TagsEditor.swift; sourceTree = "<group>"; };
		610AD65528E49FC500089526 /* ListUsersView.swift */ = {isa = PBXFileReference; lastKnownFileType = sourcecode.swift; path = ListUsersView.swift; sourceTree = "<group>"; };
		6116433D28DE5D7000311F5F /* ServiceFactory.swift */ = {isa = PBXFileReference; lastKnownFileType = sourcecode.swift; path = ServiceFactory.swift; sourceTree = "<group>"; };
		6131700A27D420BA00834C08 /* UserData.swift */ = {isa = PBXFileReference; lastKnownFileType = sourcecode.swift; path = UserData.swift; sourceTree = "<group>"; };
		6131700C27D5740B00834C08 /* ItemTypeImage.swift */ = {isa = PBXFileReference; lastKnownFileType = sourcecode.swift; path = ItemTypeImage.swift; sourceTree = "<group>"; };
		6131700E27D5790200834C08 /* ItemStatusImage.swift */ = {isa = PBXFileReference; lastKnownFileType = sourcecode.swift; path = ItemStatusImage.swift; sourceTree = "<group>"; };
		614833EC27C334AA00076898 /* Favorite Shows.app */ = {isa = PBXFileReference; explicitFileType = wrapper.application; includeInIndex = 0; path = "Favorite Shows.app"; sourceTree = BUILT_PRODUCTS_DIR; };
		614833EF27C334AA00076898 /* youseenthisApp.swift */ = {isa = PBXFileReference; lastKnownFileType = sourcecode.swift; path = youseenthisApp.swift; sourceTree = "<group>"; };
		614833F327C334AC00076898 /* Assets.xcassets */ = {isa = PBXFileReference; lastKnownFileType = folder.assetcatalog; path = Assets.xcassets; sourceTree = "<group>"; };
		614833F627C334AC00076898 /* Preview Assets.xcassets */ = {isa = PBXFileReference; lastKnownFileType = folder.assetcatalog; path = "Preview Assets.xcassets"; sourceTree = "<group>"; };
		614833FD27C3491500076898 /* Item.swift */ = {isa = PBXFileReference; lastKnownFileType = sourcecode.swift; path = Item.swift; sourceTree = "<group>"; };
		614833FF27C34CFC00076898 /* User.swift */ = {isa = PBXFileReference; lastKnownFileType = sourcecode.swift; path = User.swift; sourceTree = "<group>"; };
		6148340127C350F900076898 /* ExampleData.swift */ = {isa = PBXFileReference; lastKnownFileType = sourcecode.swift; path = ExampleData.swift; sourceTree = "<group>"; };
		6148340327C3594A00076898 /* ItemRow.swift */ = {isa = PBXFileReference; lastKnownFileType = sourcecode.swift; path = ItemRow.swift; sourceTree = "<group>"; };
		6148340527C36A9500076898 /* ListItemsView.swift */ = {isa = PBXFileReference; lastKnownFileType = sourcecode.swift; path = ListItemsView.swift; sourceTree = "<group>"; };
		6148AAEC281E2C99008A3E2F /* ViewUserView.swift */ = {isa = PBXFileReference; lastKnownFileType = sourcecode.swift; path = ViewUserView.swift; sourceTree = "<group>"; };
		614A8E0C27E40BA600D634CA /* FilterItemType.swift */ = {isa = PBXFileReference; lastKnownFileType = sourcecode.swift; path = FilterItemType.swift; sourceTree = "<group>"; };
		614A8E0E27E4104000D634CA /* FilterItemTypeImage.swift */ = {isa = PBXFileReference; lastKnownFileType = sourcecode.swift; path = FilterItemTypeImage.swift; sourceTree = "<group>"; };
		614A8E1427E4137900D634CA /* FilterItemTypePicker.swift */ = {isa = PBXFileReference; lastKnownFileType = sourcecode.swift; path = FilterItemTypePicker.swift; sourceTree = "<group>"; };
		614DC22028B442E100B995CE /* LabTesting.swift */ = {isa = PBXFileReference; lastKnownFileType = sourcecode.swift; path = LabTesting.swift; sourceTree = "<group>"; };
		6153633627E67A9C0012B136 /* ItemArraySortAndFilter.swift */ = {isa = PBXFileReference; lastKnownFileType = sourcecode.swift; path = ItemArraySortAndFilter.swift; sourceTree = "<group>"; };
		6153633827E69AA80012B136 /* FilterItemStatus.swift */ = {isa = PBXFileReference; lastKnownFileType = sourcecode.swift; path = FilterItemStatus.swift; sourceTree = "<group>"; };
		6153633A27E6A0270012B136 /* FilterItemStatusImage.swift */ = {isa = PBXFileReference; lastKnownFileType = sourcecode.swift; path = FilterItemStatusImage.swift; sourceTree = "<group>"; };
		6153633C27E6A1880012B136 /* FilterItemStatusPicker.swift */ = {isa = PBXFileReference; lastKnownFileType = sourcecode.swift; path = FilterItemStatusPicker.swift; sourceTree = "<group>"; };
		616EFAFA28A70796007CA794 /* LogUtility.swift */ = {isa = PBXFileReference; lastKnownFileType = sourcecode.swift; path = LogUtility.swift; sourceTree = "<group>"; };
		616EFAFC28A7086E007CA794 /* ImportUtility.swift */ = {isa = PBXFileReference; lastKnownFileType = sourcecode.swift; path = ImportUtility.swift; sourceTree = "<group>"; };
		616EFAFE28A7087D007CA794 /* ExportUtility.swift */ = {isa = PBXFileReference; lastKnownFileType = sourcecode.swift; path = ExportUtility.swift; sourceTree = "<group>"; };
		6174DCB428E669AD0068F06A /* AddFollowViewModel.swift */ = {isa = PBXFileReference; lastKnownFileType = sourcecode.swift; path = AddFollowViewModel.swift; sourceTree = "<group>"; };
		617AC7242814C64C0055858E /* OverlaySheet.swift */ = {isa = PBXFileReference; lastKnownFileType = sourcecode.swift; path = OverlaySheet.swift; sourceTree = "<group>"; };
		617AC7262815D0080055858E /* LabTestingUI.swift */ = {isa = PBXFileReference; lastKnownFileType = sourcecode.swift; path = LabTestingUI.swift; sourceTree = "<group>"; };
		617AE75828DB84200051498A /* ViewUserViewModel.swift */ = {isa = PBXFileReference; lastKnownFileType = sourcecode.swift; path = ViewUserViewModel.swift; sourceTree = "<group>"; };
		617AE75A28DB84340051498A /* EditUserViewModel.swift */ = {isa = PBXFileReference; lastKnownFileType = sourcecode.swift; path = EditUserViewModel.swift; sourceTree = "<group>"; };
		617AE75D28DBD6F20051498A /* AddFollowView.swift */ = {isa = PBXFileReference; lastKnownFileType = sourcecode.swift; path = AddFollowView.swift; sourceTree = "<group>"; };
		61843E7C28BFE50000C71B5A /* TagsSelector.swift */ = {isa = PBXFileReference; lastKnownFileType = sourcecode.swift; path = TagsSelector.swift; sourceTree = "<group>"; };
		61843E7E28BFF2E900C71B5A /* String+Cleaner.swift */ = {isa = PBXFileReference; lastKnownFileType = sourcecode.swift; path = "String+Cleaner.swift"; sourceTree = "<group>"; };
		61843E8028C01B0C00C71B5A /* ItemTagsField.swift */ = {isa = PBXFileReference; lastKnownFileType = sourcecode.swift; path = ItemTagsField.swift; sourceTree = "<group>"; };
		61843E8428C0279C00C71B5A /* FilterAndSortSheet.swift */ = {isa = PBXFileReference; lastKnownFileType = sourcecode.swift; path = FilterAndSortSheet.swift; sourceTree = "<group>"; };
		618FCAF428E4BB4500EED333 /* LoginView.swift */ = {isa = PBXFileReference; lastKnownFileType = sourcecode.swift; path = LoginView.swift; sourceTree = "<group>"; };
		618FCAF828E4BC3500EED333 /* LoginViewModel.swift */ = {isa = PBXFileReference; lastKnownFileType = sourcecode.swift; path = LoginViewModel.swift; sourceTree = "<group>"; };
		618FCAFA28E4D33B00EED333 /* RootView.swift */ = {isa = PBXFileReference; lastKnownFileType = sourcecode.swift; path = RootView.swift; sourceTree = "<group>"; };
		618FCAFC28E4D35B00EED333 /* RootViewModel.swift */ = {isa = PBXFileReference; lastKnownFileType = sourcecode.swift; path = RootViewModel.swift; sourceTree = "<group>"; };
		6190595428D529C300E14F9B /* ItemRatingImage.swift */ = {isa = PBXFileReference; lastKnownFileType = sourcecode.swift; path = ItemRatingImage.swift; sourceTree = "<group>"; };
		6199F69A28D7DC6D00C663D7 /* CreateItemViewModel.swift */ = {isa = PBXFileReference; lastKnownFileType = sourcecode.swift; path = CreateItemViewModel.swift; sourceTree = "<group>"; };
		6199F69C28D7DC9200C663D7 /* EditItemViewModel.swift */ = {isa = PBXFileReference; lastKnownFileType = sourcecode.swift; path = EditItemViewModel.swift; sourceTree = "<group>"; };
		6199F69E28D7DCB100C663D7 /* ViewItemViewModel.swift */ = {isa = PBXFileReference; lastKnownFileType = sourcecode.swift; path = ViewItemViewModel.swift; sourceTree = "<group>"; };
		6199F6A028D7DD5C00C663D7 /* ListItemsViewModel.swift */ = {isa = PBXFileReference; lastKnownFileType = sourcecode.swift; path = ListItemsViewModel.swift; sourceTree = "<group>"; };
		619B989B28B9916000D8BBC1 /* ItemNotesField.swift */ = {isa = PBXFileReference; lastKnownFileType = sourcecode.swift; path = ItemNotesField.swift; sourceTree = "<group>"; };
		619B989D28B99F0300D8BBC1 /* ItemRatingField.swift */ = {isa = PBXFileReference; lastKnownFileType = sourcecode.swift; path = ItemRatingField.swift; sourceTree = "<group>"; };
		619B98A028B9A17700D8BBC1 /* ItemStatusField.swift */ = {isa = PBXFileReference; lastKnownFileType = sourcecode.swift; path = ItemStatusField.swift; sourceTree = "<group>"; };
		619B98A228B9A39C00D8BBC1 /* ItemTypeField.swift */ = {isa = PBXFileReference; lastKnownFileType = sourcecode.swift; path = ItemTypeField.swift; sourceTree = "<group>"; };
		619B98A428B9A45100D8BBC1 /* ItemTitleField.swift */ = {isa = PBXFileReference; lastKnownFileType = sourcecode.swift; path = ItemTitleField.swift; sourceTree = "<group>"; };
		619B98A628B9A6C600D8BBC1 /* UserAboutMeField.swift */ = {isa = PBXFileReference; lastKnownFileType = sourcecode.swift; path = UserAboutMeField.swift; sourceTree = "<group>"; };
		619CA38C28E39F6400B19AF0 /* CreateUserView.swift */ = {isa = PBXFileReference; lastKnownFileType = sourcecode.swift; path = CreateUserView.swift; sourceTree = "<group>"; };
		619CA38E28E3A01900B19AF0 /* CreateUserViewModel.swift */ = {isa = PBXFileReference; lastKnownFileType = sourcecode.swift; path = CreateUserViewModel.swift; sourceTree = "<group>"; };
		619CA39028E3A22C00B19AF0 /* FollowView.swift */ = {isa = PBXFileReference; lastKnownFileType = sourcecode.swift; path = FollowView.swift; sourceTree = "<group>"; };
		619CA39228E3A24F00B19AF0 /* FollowViewModel.swift */ = {isa = PBXFileReference; lastKnownFileType = sourcecode.swift; path = FollowViewModel.swift; sourceTree = "<group>"; };
		619D3ACA28A9945700F46946 /* EmptyItemList.swift */ = {isa = PBXFileReference; lastKnownFileType = sourcecode.swift; path = EmptyItemList.swift; sourceTree = "<group>"; };
		619D3ACC28A9951600F46946 /* EmptyPeopleList.swift */ = {isa = PBXFileReference; lastKnownFileType = sourcecode.swift; path = EmptyPeopleList.swift; sourceTree = "<group>"; };
		61A30FB827DE860300155417 /* ItemType.swift */ = {isa = PBXFileReference; lastKnownFileType = sourcecode.swift; path = ItemType.swift; sourceTree = "<group>"; };
		61A30FBC27DEC2E000155417 /* ItemStatus.swift */ = {isa = PBXFileReference; lastKnownFileType = sourcecode.swift; path = ItemStatus.swift; sourceTree = "<group>"; };
		61AA62FF28D8EA78007A053A /* CreateItemView.swift */ = {isa = PBXFileReference; lastKnownFileType = sourcecode.swift; path = CreateItemView.swift; sourceTree = "<group>"; };
		61AA630128D935E8007A053A /* HomeScreenViewModel.swift */ = {isa = PBXFileReference; lastKnownFileType = sourcecode.swift; path = HomeScreenViewModel.swift; sourceTree = "<group>"; };
		61ADCDC128B5B4B800849320 /* ShareSheet.swift */ = {isa = PBXFileReference; lastKnownFileType = sourcecode.swift; path = ShareSheet.swift; sourceTree = "<group>"; };
		61B7700228289C3700AF4EAF /* EmailExporter.swift */ = {isa = PBXFileReference; lastKnownFileType = sourcecode.swift; path = EmailExporter.swift; sourceTree = "<group>"; };
		61B7700628289FF400AF4EAF /* EmailButton.swift */ = {isa = PBXFileReference; lastKnownFileType = sourcecode.swift; path = EmailButton.swift; sourceTree = "<group>"; };
		61C3FF7928B8207800EBB318 /* ItemSortType.swift */ = {isa = PBXFileReference; lastKnownFileType = sourcecode.swift; path = ItemSortType.swift; sourceTree = "<group>"; };
		61C3FF7C28B8253500EBB318 /* ItemSortTypePicker.swift */ = {isa = PBXFileReference; lastKnownFileType = sourcecode.swift; path = ItemSortTypePicker.swift; sourceTree = "<group>"; };
		61CF977827C41F32008E179A /* ViewItemView.swift */ = {isa = PBXFileReference; lastKnownFileType = sourcecode.swift; path = ViewItemView.swift; sourceTree = "<group>"; };
		61CF977D27C449A6008E179A /* StorageManager.swift */ = {isa = PBXFileReference; lastKnownFileType = sourcecode.swift; path = StorageManager.swift; sourceTree = "<group>"; };
		61CF978027C449C8008E179A /* NetworkManager.swift */ = {isa = PBXFileReference; lastKnownFileType = sourcecode.swift; path = NetworkManager.swift; sourceTree = "<group>"; };
		61CF978227C44A3A008E179A /* HomeScreenView.swift */ = {isa = PBXFileReference; lastKnownFileType = sourcecode.swift; path = HomeScreenView.swift; sourceTree = "<group>"; };
		61DCA78528DFF48200AA7EA3 /* Follow.swift */ = {isa = PBXFileReference; lastKnownFileType = sourcecode.swift; path = Follow.swift; sourceTree = "<group>"; };
		61E9783327D416300014398D /* AppDelegate.swift */ = {isa = PBXFileReference; lastKnownFileType = sourcecode.swift; path = AppDelegate.swift; sourceTree = "<group>"; };
		61EA3A8028B55B03003DAD3D /* Info.plist */ = {isa = PBXFileReference; lastKnownFileType = text.plist; path = Info.plist; sourceTree = "<group>"; };
		61EB806128B702110068B7DE /* ItemRating.swift */ = {isa = PBXFileReference; lastKnownFileType = sourcecode.swift; path = ItemRating.swift; sourceTree = "<group>"; };
		61EB806328B704000068B7DE /* ItemRatingPicker.swift */ = {isa = PBXFileReference; lastKnownFileType = sourcecode.swift; path = ItemRatingPicker.swift; sourceTree = "<group>"; };
		61F5D7FD28E60E9A007A8C3C /* MockServices.swift */ = {isa = PBXFileReference; lastKnownFileType = sourcecode.swift; path = MockServices.swift; sourceTree = "<group>"; };
		61F9DCDC28DA6B7C00DDEECC /* EditItemView.swift */ = {isa = PBXFileReference; lastKnownFileType = sourcecode.swift; path = EditItemView.swift; sourceTree = "<group>"; };
		61F9E07A27DD39F10058D70A /* Constants.swift */ = {isa = PBXFileReference; lastKnownFileType = sourcecode.swift; path = Constants.swift; sourceTree = "<group>"; };
		61F9E07E27DD5FD40058D70A /* ItemTypePicker.swift */ = {isa = PBXFileReference; lastKnownFileType = sourcecode.swift; path = ItemTypePicker.swift; sourceTree = "<group>"; };
		61F9E08027DD5FEE0058D70A /* ItemStatusPicker.swift */ = {isa = PBXFileReference; lastKnownFileType = sourcecode.swift; path = ItemStatusPicker.swift; sourceTree = "<group>"; };
		61FDDC0C28AC1C1800402906 /* Semver.swift */ = {isa = PBXFileReference; lastKnownFileType = sourcecode.swift; path = Semver.swift; sourceTree = "<group>"; };
/* End PBXFileReference section */

/* Begin PBXFrameworksBuildPhase section */
		614833E927C334AA00076898 /* Frameworks */ = {
			isa = PBXFrameworksBuildPhase;
			buildActionMask = 2147483647;
			files = (
				616C18C528BF0D7E007DE1E9 /* WrappingStack in Frameworks */,
			);
			runOnlyForDeploymentPostprocessing = 0;
		};
/* End PBXFrameworksBuildPhase section */

/* Begin PBXGroup section */
		6116433A28DE324600311F5F /* Services */ = {
			isa = PBXGroup;
			children = (
				6116433D28DE5D7000311F5F /* ServiceFactory.swift */,
				61F5D7FD28E60E9A007A8C3C /* MockServices.swift */,
			);
			path = Services;
			sourceTree = "<group>";
		};
		612277B628A86B2B00015452 /* FollowingViews */ = {
			isa = PBXGroup;
			children = (
				619CA39028E3A22C00B19AF0 /* FollowView.swift */,
				617AE75D28DBD6F20051498A /* AddFollowView.swift */,
			);
			path = FollowingViews;
			sourceTree = "<group>";
		};
		614833E327C334AA00076898 = {
			isa = PBXGroup;
			children = (
				614833EE27C334AA00076898 /* youseenthis */,
				614833ED27C334AA00076898 /* Products */,
			);
			sourceTree = "<group>";
		};
		614833ED27C334AA00076898 /* Products */ = {
			isa = PBXGroup;
			children = (
				614833EC27C334AA00076898 /* Favorite Shows.app */,
			);
			name = Products;
			sourceTree = "<group>";
		};
		614833EE27C334AA00076898 /* youseenthis */ = {
			isa = PBXGroup;
			children = (
				61EA3A8028B55B03003DAD3D /* Info.plist */,
				61CF978427C44ABE008E179A /* App */,
				6157282D27CC9BF600F0F206 /* ViewModels */,
				61CF977A27C4490F008E179A /* SwiftUIViews */,
				61ADCDC028B5B44600849320 /* UserInterface */,
				61CF977B27C44950008E179A /* Models */,
				6153633527E67A5C0012B136 /* Utilities */,
				6116433A28DE324600311F5F /* Services */,
				61CF977C27C44992008E179A /* LocalStorage */,
				61CF977F27C449B5008E179A /* Network */,
				6148340127C350F900076898 /* ExampleData.swift */,
				614833F327C334AC00076898 /* Assets.xcassets */,
				614833F527C334AC00076898 /* Preview Content */,
			);
			path = youseenthis;
			sourceTree = "<group>";
		};
		614833F527C334AC00076898 /* Preview Content */ = {
			isa = PBXGroup;
			children = (
				614833F627C334AC00076898 /* Preview Assets.xcassets */,
			);
			path = "Preview Content";
			sourceTree = "<group>";
		};
		614A8E0927E40AFA00D634CA /* User */ = {
			isa = PBXGroup;
			children = (
				614833FF27C34CFC00076898 /* User.swift */,
				6131700A27D420BA00834C08 /* UserData.swift */,
			);
			path = User;
			sourceTree = "<group>";
		};
		614A8E0A27E40B2100D634CA /* Item */ = {
			isa = PBXGroup;
			children = (
				61A30FB827DE860300155417 /* ItemType.swift */,
				61A30FBC27DEC2E000155417 /* ItemStatus.swift */,
				61EB806128B702110068B7DE /* ItemRating.swift */,
				614833FD27C3491500076898 /* Item.swift */,
			);
			path = Item;
			sourceTree = "<group>";
		};
		614A8E0B27E40B6A00D634CA /* Filter */ = {
			isa = PBXGroup;
			children = (
				614A8E0C27E40BA600D634CA /* FilterItemType.swift */,
				6153633827E69AA80012B136 /* FilterItemStatus.swift */,
			);
			path = Filter;
			sourceTree = "<group>";
		};
		614A8E1027E412D300D634CA /* UserViews */ = {
			isa = PBXGroup;
			children = (
				610AD65528E49FC500089526 /* ListUsersView.swift */,
				619CA38C28E39F6400B19AF0 /* CreateUserView.swift */,
				6103F0F428BD66A50057A9AD /* EditUserView.swift */,
				6148AAEC281E2C99008A3E2F /* ViewUserView.swift */,
				619B98A628B9A6C600D8BBC1 /* UserAboutMeField.swift */,
			);
			path = UserViews;
			sourceTree = "<group>";
		};
		614A8E1127E412E100D634CA /* ItemViews */ = {
			isa = PBXGroup;
			children = (
				6148340527C36A9500076898 /* ListItemsView.swift */,
				6148340327C3594A00076898 /* ItemRow.swift */,
				61AA62FF28D8EA78007A053A /* CreateItemView.swift */,
				61F9DCDC28DA6B7C00DDEECC /* EditItemView.swift */,
				61CF977827C41F32008E179A /* ViewItemView.swift */,
				619B989F28B9A0FD00D8BBC1 /* ItemComponents */,
			);
			path = ItemViews;
			sourceTree = "<group>";
		};
		614A8E1227E412EB00D634CA /* FilterSortViews */ = {
			isa = PBXGroup;
			children = (
				61843E8428C0279C00C71B5A /* FilterAndSortSheet.swift */,
				61C3FF7C28B8253500EBB318 /* ItemSortTypePicker.swift */,
				614A8E0E27E4104000D634CA /* FilterItemTypeImage.swift */,
				6153633A27E6A0270012B136 /* FilterItemStatusImage.swift */,
				614A8E1427E4137900D634CA /* FilterItemTypePicker.swift */,
				6153633C27E6A1880012B136 /* FilterItemStatusPicker.swift */,
			);
			path = FilterSortViews;
			sourceTree = "<group>";
		};
		614A8E1327E4131500D634CA /* Components */ = {
			isa = PBXGroup;
			children = (
				617AC7242814C64C0055858E /* OverlaySheet.swift */,
				6103F0F628BD8B8A0057A9AD /* TagsView.swift */,
				6103F0FF28BE8EB20057A9AD /* TagsEditor.swift */,
				61843E7C28BFE50000C71B5A /* TagsSelector.swift */,
				619D3ACA28A9945700F46946 /* EmptyItemList.swift */,
				619D3ACC28A9951600F46946 /* EmptyPeopleList.swift */,
				61B7700628289FF400AF4EAF /* EmailButton.swift */,
			);
			path = Components;
			sourceTree = "<group>";
		};
		6153633527E67A5C0012B136 /* Utilities */ = {
			isa = PBXGroup;
			children = (
				6153633627E67A9C0012B136 /* ItemArraySortAndFilter.swift */,
				616EFAFA28A70796007CA794 /* LogUtility.swift */,
				616EFAFC28A7086E007CA794 /* ImportUtility.swift */,
				616EFAFE28A7087D007CA794 /* ExportUtility.swift */,
				61FDDC0C28AC1C1800402906 /* Semver.swift */,
				61843E7E28BFF2E900C71B5A /* String+Cleaner.swift */,
				614DC22028B442E100B995CE /* LabTesting.swift */,
			);
			path = Utilities;
			sourceTree = "<group>";
		};
		6157282D27CC9BF600F0F206 /* ViewModels */ = {
			isa = PBXGroup;
			children = (
				618FCAFC28E4D35B00EED333 /* RootViewModel.swift */,
				61AA630128D935E8007A053A /* HomeScreenViewModel.swift */,
				617AE75628DB82D20051498A /* ItemViewModels */,
				617AE75728DB83F70051498A /* UserViewModels */,
				617AE75C28DBD66E0051498A /* FollowingViewModels */,
				618FCAF728E4BC0A00EED333 /* LoginViewModels */,
			);
			path = ViewModels;
			sourceTree = "<group>";
		};
		617AC7282815D0260055858E /* LabTesting */ = {
			isa = PBXGroup;
			children = (
				617AC7262815D0080055858E /* LabTestingUI.swift */,
			);
			path = LabTesting;
			sourceTree = "<group>";
		};
		617AE75628DB82D20051498A /* ItemViewModels */ = {
			isa = PBXGroup;
			children = (
				6199F6A028D7DD5C00C663D7 /* ListItemsViewModel.swift */,
				6199F69A28D7DC6D00C663D7 /* CreateItemViewModel.swift */,
				6199F69C28D7DC9200C663D7 /* EditItemViewModel.swift */,
				6199F69E28D7DCB100C663D7 /* ViewItemViewModel.swift */,
			);
			path = ItemViewModels;
			sourceTree = "<group>";
		};
		617AE75728DB83F70051498A /* UserViewModels */ = {
			isa = PBXGroup;
			children = (
				619CA38E28E3A01900B19AF0 /* CreateUserViewModel.swift */,
				617AE75A28DB84340051498A /* EditUserViewModel.swift */,
				617AE75828DB84200051498A /* ViewUserViewModel.swift */,
			);
			path = UserViewModels;
			sourceTree = "<group>";
		};
		617AE75C28DBD66E0051498A /* FollowingViewModels */ = {
			isa = PBXGroup;
			children = (
				619CA39228E3A24F00B19AF0 /* FollowViewModel.swift */,
				6174DCB428E669AD0068F06A /* AddFollowViewModel.swift */,
			);
			path = FollowingViewModels;
			sourceTree = "<group>";
		};
		618FCAF628E4BB5300EED333 /* Login */ = {
			isa = PBXGroup;
			children = (
				618FCAF428E4BB4500EED333 /* LoginView.swift */,
			);
			path = Login;
			sourceTree = "<group>";
		};
		618FCAF728E4BC0A00EED333 /* LoginViewModels */ = {
			isa = PBXGroup;
			children = (
				618FCAF828E4BC3500EED333 /* LoginViewModel.swift */,
			);
			path = LoginViewModels;
			sourceTree = "<group>";
		};
		619B989F28B9A0FD00D8BBC1 /* ItemComponents */ = {
			isa = PBXGroup;
			children = (
				619B98A428B9A45100D8BBC1 /* ItemTitleField.swift */,
				619B98A228B9A39C00D8BBC1 /* ItemTypeField.swift */,
				619B98A028B9A17700D8BBC1 /* ItemStatusField.swift */,
				619B989D28B99F0300D8BBC1 /* ItemRatingField.swift */,
				61843E8028C01B0C00C71B5A /* ItemTagsField.swift */,
				619B989B28B9916000D8BBC1 /* ItemNotesField.swift */,
				61F9E07E27DD5FD40058D70A /* ItemTypePicker.swift */,
				61F9E08027DD5FEE0058D70A /* ItemStatusPicker.swift */,
				61EB806328B704000068B7DE /* ItemRatingPicker.swift */,
				6131700C27D5740B00834C08 /* ItemTypeImage.swift */,
				6131700E27D5790200834C08 /* ItemStatusImage.swift */,
				6190595428D529C300E14F9B /* ItemRatingImage.swift */,
			);
			path = ItemComponents;
			sourceTree = "<group>";
		};
		61ADCDC028B5B44600849320 /* UserInterface */ = {
			isa = PBXGroup;
			children = (
				61ADCDC128B5B4B800849320 /* ShareSheet.swift */,
			);
			path = UserInterface;
			sourceTree = "<group>";
		};
		61C3FF7828B8203A00EBB318 /* Sort */ = {
			isa = PBXGroup;
			children = (
				61C3FF7928B8207800EBB318 /* ItemSortType.swift */,
			);
			path = Sort;
			sourceTree = "<group>";
		};
		61CF977A27C4490F008E179A /* SwiftUIViews */ = {
			isa = PBXGroup;
			children = (
				618FCAFA28E4D33B00EED333 /* RootView.swift */,
				61CF978227C44A3A008E179A /* HomeScreenView.swift */,
				614A8E1127E412E100D634CA /* ItemViews */,
				614A8E1227E412EB00D634CA /* FilterSortViews */,
				614A8E1027E412D300D634CA /* UserViews */,
				612277B628A86B2B00015452 /* FollowingViews */,
				618FCAF628E4BB5300EED333 /* Login */,
				617AC7282815D0260055858E /* LabTesting */,
				614A8E1327E4131500D634CA /* Components */,
			);
			path = SwiftUIViews;
			sourceTree = "<group>";
		};
		61CF977B27C44950008E179A /* Models */ = {
			isa = PBXGroup;
			children = (
				61C3FF7828B8203A00EBB318 /* Sort */,
				614A8E0B27E40B6A00D634CA /* Filter */,
				614A8E0A27E40B2100D634CA /* Item */,
				614A8E0927E40AFA00D634CA /* User */,
				61DCA78428DFF45900AA7EA3 /* Follow */,
				61F9E07A27DD39F10058D70A /* Constants.swift */,
			);
			path = Models;
			sourceTree = "<group>";
		};
		61CF977C27C44992008E179A /* LocalStorage */ = {
			isa = PBXGroup;
			children = (
				61CF977D27C449A6008E179A /* StorageManager.swift */,
				61B7700228289C3700AF4EAF /* EmailExporter.swift */,
			);
			path = LocalStorage;
			sourceTree = "<group>";
		};
		61CF977F27C449B5008E179A /* Network */ = {
			isa = PBXGroup;
			children = (
				61CF978027C449C8008E179A /* NetworkManager.swift */,
			);
			path = Network;
			sourceTree = "<group>";
		};
		61CF978427C44ABE008E179A /* App */ = {
			isa = PBXGroup;
			children = (
				614833EF27C334AA00076898 /* youseenthisApp.swift */,
				61E9783327D416300014398D /* AppDelegate.swift */,
			);
			path = App;
			sourceTree = "<group>";
		};
		61DCA78428DFF45900AA7EA3 /* Follow */ = {
			isa = PBXGroup;
			children = (
				61DCA78528DFF48200AA7EA3 /* Follow.swift */,
			);
			path = Follow;
			sourceTree = "<group>";
		};
/* End PBXGroup section */

/* Begin PBXNativeTarget section */
		614833EB27C334AA00076898 /* youseenthis */ = {
			isa = PBXNativeTarget;
			buildConfigurationList = 614833FA27C334AC00076898 /* Build configuration list for PBXNativeTarget "youseenthis" */;
			buildPhases = (
				614833E827C334AA00076898 /* Sources */,
				614833E927C334AA00076898 /* Frameworks */,
				614833EA27C334AA00076898 /* Resources */,
			);
			buildRules = (
			);
			dependencies = (
			);
			name = youseenthis;
			packageProductDependencies = (
				616C18C428BF0D7E007DE1E9 /* WrappingStack */,
			);
			productName = youseenthis;
			productReference = 614833EC27C334AA00076898 /* Favorite Shows.app */;
			productType = "com.apple.product-type.application";
		};
/* End PBXNativeTarget section */

/* Begin PBXProject section */
		614833E427C334AA00076898 /* Project object */ = {
			isa = PBXProject;
			attributes = {
				BuildIndependentTargetsInParallel = 1;
				LastSwiftUpdateCheck = 1320;
				LastUpgradeCheck = 1320;
				TargetAttributes = {
					614833EB27C334AA00076898 = {
						CreatedOnToolsVersion = 13.2.1;
					};
				};
			};
			buildConfigurationList = 614833E727C334AA00076898 /* Build configuration list for PBXProject "youseenthis" */;
			compatibilityVersion = "Xcode 13.0";
			developmentRegion = en;
			hasScannedForEncodings = 0;
			knownRegions = (
				en,
				Base,
			);
			mainGroup = 614833E327C334AA00076898;
			packageReferences = (
				616C18C328BF0D7E007DE1E9 /* XCRemoteSwiftPackageReference "swiftui-wrapping-stack" */,
			);
			productRefGroup = 614833ED27C334AA00076898 /* Products */;
			projectDirPath = "";
			projectRoot = "";
			targets = (
				614833EB27C334AA00076898 /* youseenthis */,
			);
		};
/* End PBXProject section */

/* Begin PBXResourcesBuildPhase section */
		614833EA27C334AA00076898 /* Resources */ = {
			isa = PBXResourcesBuildPhase;
			buildActionMask = 2147483647;
			files = (
				614833F727C334AC00076898 /* Preview Assets.xcassets in Resources */,
				614833F427C334AC00076898 /* Assets.xcassets in Resources */,
			);
			runOnlyForDeploymentPostprocessing = 0;
		};
/* End PBXResourcesBuildPhase section */

/* Begin PBXSourcesBuildPhase section */
		614833E827C334AA00076898 /* Sources */ = {
			isa = PBXSourcesBuildPhase;
			buildActionMask = 2147483647;
			files = (
				6148340027C34CFC00076898 /* User.swift in Sources */,
				6131700F27D5790200834C08 /* ItemStatusImage.swift in Sources */,
				61DCA78628DFF48200AA7EA3 /* Follow.swift in Sources */,
				619B989E28B99F0300D8BBC1 /* ItemRatingField.swift in Sources */,
				61EB806228B702110068B7DE /* ItemRating.swift in Sources */,
				6131700D27D5740B00834C08 /* ItemTypeImage.swift in Sources */,
				618FCAF928E4BC3500EED333 /* LoginViewModel.swift in Sources */,
				618FCAF528E4BB4500EED333 /* LoginView.swift in Sources */,
				619B98A328B9A39C00D8BBC1 /* ItemTypeField.swift in Sources */,
				6116433E28DE5D7000311F5F /* ServiceFactory.swift in Sources */,
				61CF978127C449C8008E179A /* NetworkManager.swift in Sources */,
				618FCAFB28E4D33B00EED333 /* RootView.swift in Sources */,
				61843E7D28BFE50000C71B5A /* TagsSelector.swift in Sources */,
				6131700B27D420BA00834C08 /* UserData.swift in Sources */,
				617AE75E28DBD6F20051498A /* AddFollowView.swift in Sources */,
				61A30FBD27DEC2E000155417 /* ItemStatus.swift in Sources */,
				6148AAED281E2C99008A3E2F /* ViewUserView.swift in Sources */,
				61A30FB927DE860300155417 /* ItemType.swift in Sources */,
				616EFAFD28A7086E007CA794 /* ImportUtility.swift in Sources */,
				614A8E0F27E4104000D634CA /* FilterItemTypeImage.swift in Sources */,
				6153633B27E6A0270012B136 /* FilterItemStatusImage.swift in Sources */,
				616EFAFF28A7087D007CA794 /* ExportUtility.swift in Sources */,
				619CA39128E3A22C00B19AF0 /* FollowView.swift in Sources */,
				61843E8128C01B0C00C71B5A /* ItemTagsField.swift in Sources */,
				619B98A728B9A6C600D8BBC1 /* UserAboutMeField.swift in Sources */,
				6199F69D28D7DC9200C663D7 /* EditItemViewModel.swift in Sources */,
				61B7700328289C3700AF4EAF /* EmailExporter.swift in Sources */,
				61F9E07F27DD5FD40058D70A /* ItemTypePicker.swift in Sources */,
				618FCAFD28E4D35B00EED333 /* RootViewModel.swift in Sources */,
				616EFAFB28A70796007CA794 /* LogUtility.swift in Sources */,
				614A8E1527E4137900D634CA /* FilterItemTypePicker.swift in Sources */,
				61C3FF7D28B8253500EBB318 /* ItemSortTypePicker.swift in Sources */,
				61C3FF7A28B8207800EBB318 /* ItemSortType.swift in Sources */,
				610AD65628E49FC500089526 /* ListUsersView.swift in Sources */,
				614833FE27C3491500076898 /* Item.swift in Sources */,
				61843E8528C0279C00C71B5A /* FilterAndSortSheet.swift in Sources */,
				619CA38F28E3A01900B19AF0 /* CreateUserViewModel.swift in Sources */,
				619D3ACB28A9945700F46946 /* EmptyItemList.swift in Sources */,
				6153633D27E6A1880012B136 /* FilterItemStatusPicker.swift in Sources */,
				61F9E08127DD5FEE0058D70A /* ItemStatusPicker.swift in Sources */,
				6174DCB528E669AD0068F06A /* AddFollowViewModel.swift in Sources */,
				617AE75928DB84200051498A /* ViewUserViewModel.swift in Sources */,
				6199F6A128D7DD5C00C663D7 /* ListItemsViewModel.swift in Sources */,
				61E9783427D416300014398D /* AppDelegate.swift in Sources */,
				6153633727E67A9C0012B136 /* ItemArraySortAndFilter.swift in Sources */,
				6199F69F28D7DCB100C663D7 /* ViewItemViewModel.swift in Sources */,
				61B7700728289FF400AF4EAF /* EmailButton.swift in Sources */,
				614A8E0D27E40BA600D634CA /* FilterItemType.swift in Sources */,
				619B98A128B9A17700D8BBC1 /* ItemStatusField.swift in Sources */,
				619B98A528B9A45100D8BBC1 /* ItemTitleField.swift in Sources */,
				6190595528D529C300E14F9B /* ItemRatingImage.swift in Sources */,
				61843E7F28BFF2E900C71B5A /* String+Cleaner.swift in Sources */,
				617AE75B28DB84340051498A /* EditUserViewModel.swift in Sources */,
				6199F69B28D7DC6D00C663D7 /* CreateItemViewModel.swift in Sources */,
				619D3ACD28A9951600F46946 /* EmptyPeopleList.swift in Sources */,
				61CF977E27C449A6008E179A /* StorageManager.swift in Sources */,
				61AA630028D8EA78007A053A /* CreateItemView.swift in Sources */,
				619CA39328E3A24F00B19AF0 /* FollowViewModel.swift in Sources */,
				6153633927E69AA80012B136 /* FilterItemStatus.swift in Sources */,
				614DC22128B442E100B995CE /* LabTesting.swift in Sources */,
				6103F0F528BD66A50057A9AD /* EditUserView.swift in Sources */,
				61CF978327C44A3A008E179A /* HomeScreenView.swift in Sources */,
				617AC7272815D0080055858E /* LabTestingUI.swift in Sources */,
				6148340627C36A9500076898 /* ListItemsView.swift in Sources */,
				61FDDC0D28AC1C1800402906 /* Semver.swift in Sources */,
				6103F0F728BD8B8A0057A9AD /* TagsView.swift in Sources */,
				619B989C28B9916000D8BBC1 /* ItemNotesField.swift in Sources */,
				6148340427C3594A00076898 /* ItemRow.swift in Sources */,
				619CA38D28E39F6400B19AF0 /* CreateUserView.swift in Sources */,
				6103F10028BE8EB20057A9AD /* TagsEditor.swift in Sources */,
				61CF977927C41F32008E179A /* ViewItemView.swift in Sources */,
				61EB806428B704000068B7DE /* ItemRatingPicker.swift in Sources */,
				61AA630228D935E8007A053A /* HomeScreenViewModel.swift in Sources */,
				61F5D7FE28E60E9A007A8C3C /* MockServices.swift in Sources */,
				614833F027C334AA00076898 /* youseenthisApp.swift in Sources */,
				6148340227C350F900076898 /* ExampleData.swift in Sources */,
				61F9E07B27DD39F10058D70A /* Constants.swift in Sources */,
				61ADCDC228B5B4B800849320 /* ShareSheet.swift in Sources */,
				61F9DCDD28DA6B7C00DDEECC /* EditItemView.swift in Sources */,
				617AC7252814C64C0055858E /* OverlaySheet.swift in Sources */,
			);
			runOnlyForDeploymentPostprocessing = 0;
		};
/* End PBXSourcesBuildPhase section */

/* Begin XCBuildConfiguration section */
		614833F827C334AC00076898 /* Debug */ = {
			isa = XCBuildConfiguration;
			buildSettings = {
				ALWAYS_SEARCH_USER_PATHS = NO;
				CLANG_ANALYZER_NONNULL = YES;
				CLANG_ANALYZER_NUMBER_OBJECT_CONVERSION = YES_AGGRESSIVE;
				CLANG_CXX_LANGUAGE_STANDARD = "gnu++17";
				CLANG_CXX_LIBRARY = "libc++";
				CLANG_ENABLE_MODULES = YES;
				CLANG_ENABLE_OBJC_ARC = YES;
				CLANG_ENABLE_OBJC_WEAK = YES;
				CLANG_WARN_BLOCK_CAPTURE_AUTORELEASING = YES;
				CLANG_WARN_BOOL_CONVERSION = YES;
				CLANG_WARN_COMMA = YES;
				CLANG_WARN_CONSTANT_CONVERSION = YES;
				CLANG_WARN_DEPRECATED_OBJC_IMPLEMENTATIONS = YES;
				CLANG_WARN_DIRECT_OBJC_ISA_USAGE = YES_ERROR;
				CLANG_WARN_DOCUMENTATION_COMMENTS = YES;
				CLANG_WARN_EMPTY_BODY = YES;
				CLANG_WARN_ENUM_CONVERSION = YES;
				CLANG_WARN_INFINITE_RECURSION = YES;
				CLANG_WARN_INT_CONVERSION = YES;
				CLANG_WARN_NON_LITERAL_NULL_CONVERSION = YES;
				CLANG_WARN_OBJC_IMPLICIT_RETAIN_SELF = YES;
				CLANG_WARN_OBJC_LITERAL_CONVERSION = YES;
				CLANG_WARN_OBJC_ROOT_CLASS = YES_ERROR;
				CLANG_WARN_QUOTED_INCLUDE_IN_FRAMEWORK_HEADER = YES;
				CLANG_WARN_RANGE_LOOP_ANALYSIS = YES;
				CLANG_WARN_STRICT_PROTOTYPES = YES;
				CLANG_WARN_SUSPICIOUS_MOVE = YES;
				CLANG_WARN_UNGUARDED_AVAILABILITY = YES_AGGRESSIVE;
				CLANG_WARN_UNREACHABLE_CODE = YES;
				CLANG_WARN__DUPLICATE_METHOD_MATCH = YES;
				COPY_PHASE_STRIP = NO;
				DEBUG_INFORMATION_FORMAT = dwarf;
				ENABLE_STRICT_OBJC_MSGSEND = YES;
				ENABLE_TESTABILITY = YES;
				GCC_C_LANGUAGE_STANDARD = gnu11;
				GCC_DYNAMIC_NO_PIC = NO;
				GCC_NO_COMMON_BLOCKS = YES;
				GCC_OPTIMIZATION_LEVEL = 0;
				GCC_PREPROCESSOR_DEFINITIONS = (
					"DEBUG=1",
					"$(inherited)",
				);
				GCC_WARN_64_TO_32_BIT_CONVERSION = YES;
				GCC_WARN_ABOUT_RETURN_TYPE = YES_ERROR;
				GCC_WARN_UNDECLARED_SELECTOR = YES;
				GCC_WARN_UNINITIALIZED_AUTOS = YES_AGGRESSIVE;
				GCC_WARN_UNUSED_FUNCTION = YES;
				GCC_WARN_UNUSED_VARIABLE = YES;
				IPHONEOS_DEPLOYMENT_TARGET = 16.0;
				MTL_ENABLE_DEBUG_INFO = INCLUDE_SOURCE;
				MTL_FAST_MATH = YES;
				ONLY_ACTIVE_ARCH = YES;
				SDKROOT = iphoneos;
				SWIFT_ACTIVE_COMPILATION_CONDITIONS = DEBUG;
				SWIFT_OPTIMIZATION_LEVEL = "-Onone";
			};
			name = Debug;
		};
		614833F927C334AC00076898 /* Release */ = {
			isa = XCBuildConfiguration;
			buildSettings = {
				ALWAYS_SEARCH_USER_PATHS = NO;
				CLANG_ANALYZER_NONNULL = YES;
				CLANG_ANALYZER_NUMBER_OBJECT_CONVERSION = YES_AGGRESSIVE;
				CLANG_CXX_LANGUAGE_STANDARD = "gnu++17";
				CLANG_CXX_LIBRARY = "libc++";
				CLANG_ENABLE_MODULES = YES;
				CLANG_ENABLE_OBJC_ARC = YES;
				CLANG_ENABLE_OBJC_WEAK = YES;
				CLANG_WARN_BLOCK_CAPTURE_AUTORELEASING = YES;
				CLANG_WARN_BOOL_CONVERSION = YES;
				CLANG_WARN_COMMA = YES;
				CLANG_WARN_CONSTANT_CONVERSION = YES;
				CLANG_WARN_DEPRECATED_OBJC_IMPLEMENTATIONS = YES;
				CLANG_WARN_DIRECT_OBJC_ISA_USAGE = YES_ERROR;
				CLANG_WARN_DOCUMENTATION_COMMENTS = YES;
				CLANG_WARN_EMPTY_BODY = YES;
				CLANG_WARN_ENUM_CONVERSION = YES;
				CLANG_WARN_INFINITE_RECURSION = YES;
				CLANG_WARN_INT_CONVERSION = YES;
				CLANG_WARN_NON_LITERAL_NULL_CONVERSION = YES;
				CLANG_WARN_OBJC_IMPLICIT_RETAIN_SELF = YES;
				CLANG_WARN_OBJC_LITERAL_CONVERSION = YES;
				CLANG_WARN_OBJC_ROOT_CLASS = YES_ERROR;
				CLANG_WARN_QUOTED_INCLUDE_IN_FRAMEWORK_HEADER = YES;
				CLANG_WARN_RANGE_LOOP_ANALYSIS = YES;
				CLANG_WARN_STRICT_PROTOTYPES = YES;
				CLANG_WARN_SUSPICIOUS_MOVE = YES;
				CLANG_WARN_UNGUARDED_AVAILABILITY = YES_AGGRESSIVE;
				CLANG_WARN_UNREACHABLE_CODE = YES;
				CLANG_WARN__DUPLICATE_METHOD_MATCH = YES;
				COPY_PHASE_STRIP = NO;
				DEBUG_INFORMATION_FORMAT = "dwarf-with-dsym";
				ENABLE_NS_ASSERTIONS = NO;
				ENABLE_STRICT_OBJC_MSGSEND = YES;
				GCC_C_LANGUAGE_STANDARD = gnu11;
				GCC_NO_COMMON_BLOCKS = YES;
				GCC_WARN_64_TO_32_BIT_CONVERSION = YES;
				GCC_WARN_ABOUT_RETURN_TYPE = YES_ERROR;
				GCC_WARN_UNDECLARED_SELECTOR = YES;
				GCC_WARN_UNINITIALIZED_AUTOS = YES_AGGRESSIVE;
				GCC_WARN_UNUSED_FUNCTION = YES;
				GCC_WARN_UNUSED_VARIABLE = YES;
				IPHONEOS_DEPLOYMENT_TARGET = 16.0;
				MTL_ENABLE_DEBUG_INFO = NO;
				MTL_FAST_MATH = YES;
				SDKROOT = iphoneos;
				SWIFT_COMPILATION_MODE = wholemodule;
				SWIFT_OPTIMIZATION_LEVEL = "-O";
				VALIDATE_PRODUCT = YES;
			};
			name = Release;
		};
		614833FB27C334AC00076898 /* Debug */ = {
			isa = XCBuildConfiguration;
			buildSettings = {
				ASSETCATALOG_COMPILER_APPICON_NAME = AppIcon;
				ASSETCATALOG_COMPILER_GLOBAL_ACCENT_COLOR_NAME = AccentColor;
				CODE_SIGN_STYLE = Automatic;
				CURRENT_PROJECT_VERSION = 1;
				DEVELOPMENT_ASSET_PATHS = "\"youseenthis/Preview Content\"";
				DEVELOPMENT_TEAM = V58N7MW683;
				ENABLE_PREVIEWS = YES;
				GENERATE_INFOPLIST_FILE = YES;
				INFOPLIST_FILE = youseenthis/Info.plist;
				INFOPLIST_KEY_UIApplicationSceneManifest_Generation = YES;
				INFOPLIST_KEY_UIApplicationSupportsIndirectInputEvents = YES;
				INFOPLIST_KEY_UILaunchScreen_Generation = YES;
				INFOPLIST_KEY_UISupportedInterfaceOrientations_iPad = "UIInterfaceOrientationPortrait UIInterfaceOrientationPortraitUpsideDown UIInterfaceOrientationLandscapeLeft UIInterfaceOrientationLandscapeRight";
				INFOPLIST_KEY_UISupportedInterfaceOrientations_iPhone = "UIInterfaceOrientationPortrait UIInterfaceOrientationLandscapeLeft UIInterfaceOrientationLandscapeRight";
				IPHONEOS_DEPLOYMENT_TARGET = 16.0;
				LD_RUNPATH_SEARCH_PATHS = (
					"$(inherited)",
					"@executable_path/Frameworks",
				);
				MARKETING_VERSION = 1.0;
				PRODUCT_BUNDLE_IDENTIFIER = AY.youseenthis;
				PRODUCT_NAME = "Favorite Shows";
				SWIFT_EMIT_LOC_STRINGS = YES;
				SWIFT_VERSION = 5.0;
				TARGETED_DEVICE_FAMILY = "1,2";
			};
			name = Debug;
		};
		614833FC27C334AC00076898 /* Release */ = {
			isa = XCBuildConfiguration;
			buildSettings = {
				ASSETCATALOG_COMPILER_APPICON_NAME = AppIcon;
				ASSETCATALOG_COMPILER_GLOBAL_ACCENT_COLOR_NAME = AccentColor;
				CODE_SIGN_STYLE = Automatic;
				CURRENT_PROJECT_VERSION = 1;
				DEVELOPMENT_ASSET_PATHS = "\"youseenthis/Preview Content\"";
				DEVELOPMENT_TEAM = V58N7MW683;
				ENABLE_PREVIEWS = YES;
				GENERATE_INFOPLIST_FILE = YES;
				INFOPLIST_FILE = youseenthis/Info.plist;
				INFOPLIST_KEY_UIApplicationSceneManifest_Generation = YES;
				INFOPLIST_KEY_UIApplicationSupportsIndirectInputEvents = YES;
				INFOPLIST_KEY_UILaunchScreen_Generation = YES;
				INFOPLIST_KEY_UISupportedInterfaceOrientations_iPad = "UIInterfaceOrientationPortrait UIInterfaceOrientationPortraitUpsideDown UIInterfaceOrientationLandscapeLeft UIInterfaceOrientationLandscapeRight";
				INFOPLIST_KEY_UISupportedInterfaceOrientations_iPhone = "UIInterfaceOrientationPortrait UIInterfaceOrientationLandscapeLeft UIInterfaceOrientationLandscapeRight";
				IPHONEOS_DEPLOYMENT_TARGET = 16.0;
				LD_RUNPATH_SEARCH_PATHS = (
					"$(inherited)",
					"@executable_path/Frameworks",
				);
				MARKETING_VERSION = 1.0;
				PRODUCT_BUNDLE_IDENTIFIER = AY.youseenthis;
				PRODUCT_NAME = "Favorite Shows";
				SWIFT_EMIT_LOC_STRINGS = YES;
				SWIFT_VERSION = 5.0;
				TARGETED_DEVICE_FAMILY = "1,2";
			};
			name = Release;
		};
/* End XCBuildConfiguration section */

/* Begin XCConfigurationList section */
		614833E727C334AA00076898 /* Build configuration list for PBXProject "youseenthis" */ = {
			isa = XCConfigurationList;
			buildConfigurations = (
				614833F827C334AC00076898 /* Debug */,
				614833F927C334AC00076898 /* Release */,
			);
			defaultConfigurationIsVisible = 0;
			defaultConfigurationName = Release;
		};
		614833FA27C334AC00076898 /* Build configuration list for PBXNativeTarget "youseenthis" */ = {
			isa = XCConfigurationList;
			buildConfigurations = (
				614833FB27C334AC00076898 /* Debug */,
				614833FC27C334AC00076898 /* Release */,
			);
			defaultConfigurationIsVisible = 0;
			defaultConfigurationName = Release;
		};
/* End XCConfigurationList section */

/* Begin XCRemoteSwiftPackageReference section */
		616C18C328BF0D7E007DE1E9 /* XCRemoteSwiftPackageReference "swiftui-wrapping-stack" */ = {
			isa = XCRemoteSwiftPackageReference;
			repositoryURL = "https://github.com/diniska/swiftui-wrapping-stack";
			requirement = {
				kind = upToNextMajorVersion;
				minimumVersion = 1.0.0;
			};
		};
/* End XCRemoteSwiftPackageReference section */

/* Begin XCSwiftPackageProductDependency section */
		616C18C428BF0D7E007DE1E9 /* WrappingStack */ = {
			isa = XCSwiftPackageProductDependency;
			package = 616C18C328BF0D7E007DE1E9 /* XCRemoteSwiftPackageReference "swiftui-wrapping-stack" */;
			productName = WrappingStack;
		};
/* End XCSwiftPackageProductDependency section */
	};
	rootObject = 614833E427C334AA00076898 /* Project object */;
}
